
Microsoft Visual Studio Solution File, Format Version 12.00
# Visual Studio Version 17
VisualStudioVersion = 17.0.31903.59
MinimumVisualStudioVersion = 10.0.40219.1
Project("{2150E333-8FDC-42A3-9474-1A3956D46DE8}") = "src", "src", "{827E0CD3-B72D-47B6-A68D-7590B98EB39B}"
EndProject
Project("{FAE04EC0-301F-11D3-BF4B-00C04F79EFBC}") = "BankMore.API", "src\BankMore.API\BankMore.API.csproj", "{A3820299-6FC6-444B-AB03-E276544598B4}"
EndProject
Project("{FAE04EC0-301F-11D3-BF4B-00C04F79EFBC}") = "BankMore.Shared", "src\BankMore.Shared\BankMore.Shared.csproj", "{9D9091D0-050E-44B7-868A-22C104F1B549}"
EndProject
Project("{FAE04EC0-301F-11D3-BF4B-00C04F79EFBC}") = "BankMore.Domain", "src\BankMore.Domain\BankMore.Domain.csproj", "{014FCE20-BE34-43CD-BD74-18773BCBC2B9}"
EndProject
Project("{FAE04EC0-301F-11D3-BF4B-00C04F79EFBC}") = "BankMore.Infrastructure", "src\BankMore.Infrastructure\BankMore.Infrastructure.csproj", "{9F45EABE-5366-4029-BA21-A3216289CD21}"
EndProject
Project("{FAE04EC0-301F-11D3-BF4B-00C04F79EFBC}") = "BankMore.ContaCorrente.API", "src\BankMore.ContaCorrente.API\BankMore.ContaCorrente.API.csproj", "{5D0BD148-895D-40CB-9916-065BC9CD4EB6}"
EndProject
Project("{FAE04EC0-301F-11D3-BF4B-00C04F79EFBC}") = "BankMore.Transferencia.API", "src\BankMore.Transferencia.API\BankMore.Transferencia.API.csproj", "{CC4FEEB2-ED3F-4802-8161-683986F5EC67}"
EndProject
Project("{2150E333-8FDC-42A3-9474-1A3956D46DE8}") = "tests", "tests", "{0AB3BF05-4346-4AA6-1389-037BE0695223}"
EndProject
Project("{FAE04EC0-301F-11D3-BF4B-00C04F79EFBC}") = "BankMore.API.UnitTests", "tests\BankMore.API.UnitTests\BankMore.API.UnitTests.csproj", "{628366C0-D674-4680-A466-FCF0682CA0C2}"
EndProject
Project("{2150E333-8FDC-42A3-9474-1A3956D46DE8}") = "Solution Items", "Solution Items", "{02EA681E-C7D8-13C7-8484-4AC65E1B71E8}"
	ProjectSection(SolutionItems) = preProject
		.editorconfig = .editorconfig
	EndProjectSection
EndProject
Global
	GlobalSection(SolutionConfigurationPlatforms) = preSolution
		Debug|Any CPU = Debug|Any CPU
		Debug|x64 = Debug|x64
		Debug|x86 = Debug|x86
		Release|Any CPU = Release|Any CPU
		Release|x64 = Release|x64
		Release|x86 = Release|x86
	EndGlobalSection
	GlobalSection(ProjectConfigurationPlatforms) = postSolution
		{A3820299-6FC6-444B-AB03-E276544598B4}.Debug|Any CPU.ActiveCfg = Debug|Any CPU
		{A3820299-6FC6-444B-AB03-E276544598B4}.Debug|Any CPU.Build.0 = Debug|Any CPU
		{A3820299-6FC6-444B-AB03-E276544598B4}.Debug|x64.ActiveCfg = Debug|Any CPU
		{A3820299-6FC6-444B-AB03-E276544598B4}.Debug|x64.Build.0 = Debug|Any CPU
		{A3820299-6FC6-444B-AB03-E276544598B4}.Debug|x86.ActiveCfg = Debug|Any CPU
		{A3820299-6FC6-444B-AB03-E276544598B4}.Debug|x86.Build.0 = Debug|Any CPU
		{A3820299-6FC6-444B-AB03-E276544598B4}.Release|Any CPU.ActiveCfg = Release|Any CPU
		{A3820299-6FC6-444B-AB03-E276544598B4}.Release|Any CPU.Build.0 = Release|Any CPU
		{A3820299-6FC6-444B-AB03-E276544598B4}.Release|x64.ActiveCfg = Release|Any CPU
		{A3820299-6FC6-444B-AB03-E276544598B4}.Release|x64.Build.0 = Release|Any CPU
		{A3820299-6FC6-444B-AB03-E276544598B4}.Release|x86.ActiveCfg = Release|Any CPU
		{A3820299-6FC6-444B-AB03-E276544598B4}.Release|x86.Build.0 = Release|Any CPU
		{9D9091D0-050E-44B7-868A-22C104F1B549}.Debug|Any CPU.ActiveCfg = Debug|Any CPU
		{9D9091D0-050E-44B7-868A-22C104F1B549}.Debug|Any CPU.Build.0 = Debug|Any CPU
		{9D9091D0-050E-44B7-868A-22C104F1B549}.Debug|x64.ActiveCfg = Debug|Any CPU
		{9D9091D0-050E-44B7-868A-22C104F1B549}.Debug|x64.Build.0 = Debug|Any CPU
		{9D9091D0-050E-44B7-868A-22C104F1B549}.Debug|x86.ActiveCfg = Debug|Any CPU
		{9D9091D0-050E-44B7-868A-22C104F1B549}.Debug|x86.Build.0 = Debug|Any CPU
		{9D9091D0-050E-44B7-868A-22C104F1B549}.Release|Any CPU.ActiveCfg = Release|Any CPU
		{9D9091D0-050E-44B7-868A-22C104F1B549}.Release|Any CPU.Build.0 = Release|Any CPU
		{9D9091D0-050E-44B7-868A-22C104F1B549}.Release|x64.ActiveCfg = Release|Any CPU
		{9D9091D0-050E-44B7-868A-22C104F1B549}.Release|x64.Build.0 = Release|Any CPU
		{9D9091D0-050E-44B7-868A-22C104F1B549}.Release|x86.ActiveCfg = Release|Any CPU
		{9D9091D0-050E-44B7-868A-22C104F1B549}.Release|x86.Build.0 = Release|Any CPU
		{014FCE20-BE34-43CD-BD74-18773BCBC2B9}.Debug|Any CPU.ActiveCfg = Debug|Any CPU
		{014FCE20-BE34-43CD-BD74-18773BCBC2B9}.Debug|Any CPU.Build.0 = Debug|Any CPU
		{014FCE20-BE34-43CD-BD74-18773BCBC2B9}.Debug|x64.ActiveCfg = Debug|Any CPU
		{014FCE20-BE34-43CD-BD74-18773BCBC2B9}.Debug|x64.Build.0 = Debug|Any CPU
		{014FCE20-BE34-43CD-BD74-18773BCBC2B9}.Debug|x86.ActiveCfg = Debug|Any CPU
		{014FCE20-BE34-43CD-BD74-18773BCBC2B9}.Debug|x86.Build.0 = Debug|Any CPU
		{014FCE20-BE34-43CD-BD74-18773BCBC2B9}.Release|Any CPU.ActiveCfg = Release|Any CPU
		{014FCE20-BE34-43CD-BD74-18773BCBC2B9}.Release|Any CPU.Build.0 = Release|Any CPU
		{014FCE20-BE34-43CD-BD74-18773BCBC2B9}.Release|x64.ActiveCfg = Release|Any CPU
		{014FCE20-BE34-43CD-BD74-18773BCBC2B9}.Release|x64.Build.0 = Release|Any CPU
		{014FCE20-BE34-43CD-BD74-18773BCBC2B9}.Release|x86.ActiveCfg = Release|Any CPU
		{014FCE20-BE34-43CD-BD74-18773BCBC2B9}.Release|x86.Build.0 = Release|Any CPU
		{9F45EABE-5366-4029-BA21-A3216289CD21}.Debug|Any CPU.ActiveCfg = Debug|Any CPU
		{9F45EABE-5366-4029-BA21-A3216289CD21}.Debug|Any CPU.Build.0 = Debug|Any CPU
		{9F45EABE-5366-4029-BA21-A3216289CD21}.Debug|x64.ActiveCfg = Debug|Any CPU
		{9F45EABE-5366-4029-BA21-A3216289CD21}.Debug|x64.Build.0 = Debug|Any CPU
		{9F45EABE-5366-4029-BA21-A3216289CD21}.Debug|x86.ActiveCfg = Debug|Any CPU
		{9F45EABE-5366-4029-BA21-A3216289CD21}.Debug|x86.Build.0 = Debug|Any CPU
		{9F45EABE-5366-4029-BA21-A3216289CD21}.Release|Any CPU.ActiveCfg = Release|Any CPU
		{9F45EABE-5366-4029-BA21-A3216289CD21}.Release|Any CPU.Build.0 = Release|Any CPU
		{9F45EABE-5366-4029-BA21-A3216289CD21}.Release|x64.ActiveCfg = Release|Any CPU
		{9F45EABE-5366-4029-BA21-A3216289CD21}.Release|x64.Build.0 = Release|Any CPU
		{9F45EABE-5366-4029-BA21-A3216289CD21}.Release|x86.ActiveCfg = Release|Any CPU
		{9F45EABE-5366-4029-BA21-A3216289CD21}.Release|x86.Build.0 = Release|Any CPU
		{5D0BD148-895D-40CB-9916-065BC9CD4EB6}.Debug|Any CPU.ActiveCfg = Debug|Any CPU
		{5D0BD148-895D-40CB-9916-065BC9CD4EB6}.Debug|Any CPU.Build.0 = Debug|Any CPU
		{5D0BD148-895D-40CB-9916-065BC9CD4EB6}.Debug|x64.ActiveCfg = Debug|Any CPU
		{5D0BD148-895D-40CB-9916-065BC9CD4EB6}.Debug|x64.Build.0 = Debug|Any CPU
		{5D0BD148-895D-40CB-9916-065BC9CD4EB6}.Debug|x86.ActiveCfg = Debug|Any CPU
		{5D0BD148-895D-40CB-9916-065BC9CD4EB6}.Debug|x86.Build.0 = Debug|Any CPU
		{5D0BD148-895D-40CB-9916-065BC9CD4EB6}.Release|Any CPU.ActiveCfg = Release|Any CPU
		{5D0BD148-895D-40CB-9916-065BC9CD4EB6}.Release|Any CPU.Build.0 = Release|Any CPU
		{5D0BD148-895D-40CB-9916-065BC9CD4EB6}.Release|x64.ActiveCfg = Release|Any CPU
		{5D0BD148-895D-40CB-9916-065BC9CD4EB6}.Release|x64.Build.0 = Release|Any CPU
		{5D0BD148-895D-40CB-9916-065BC9CD4EB6}.Release|x86.ActiveCfg = Release|Any CPU
		{5D0BD148-895D-40CB-9916-065BC9CD4EB6}.Release|x86.Build.0 = Release|Any CPU
		{CC4FEEB2-ED3F-4802-8161-683986F5EC67}.Debug|Any CPU.ActiveCfg = Debug|Any CPU
		{CC4FEEB2-ED3F-4802-8161-683986F5EC67}.Debug|Any CPU.Build.0 = Debug|Any CPU
		{CC4FEEB2-ED3F-4802-8161-683986F5EC67}.Debug|x64.ActiveCfg = Debug|Any CPU
		{CC4FEEB2-ED3F-4802-8161-683986F5EC67}.Debug|x64.Build.0 = Debug|Any CPU
		{CC4FEEB2-ED3F-4802-8161-683986F5EC67}.Debug|x86.ActiveCfg = Debug|Any CPU
		{CC4FEEB2-ED3F-4802-8161-683986F5EC67}.Debug|x86.Build.0 = Debug|Any CPU
		{CC4FEEB2-ED3F-4802-8161-683986F5EC67}.Release|Any CPU.ActiveCfg = Release|Any CPU
		{CC4FEEB2-ED3F-4802-8161-683986F5EC67}.Release|Any CPU.Build.0 = Release|Any CPU
		{CC4FEEB2-ED3F-4802-8161-683986F5EC67}.Release|x64.ActiveCfg = Release|Any CPU
		{CC4FEEB2-ED3F-4802-8161-683986F5EC67}.Release|x64.Build.0 = Release|Any CPU
		{CC4FEEB2-ED3F-4802-8161-683986F5EC67}.Release|x86.ActiveCfg = Release|Any CPU
		{CC4FEEB2-ED3F-4802-8161-683986F5EC67}.Release|x86.Build.0 = Release|Any CPU
		{628366C0-D674-4680-A466-FCF0682CA0C2}.Debug|Any CPU.ActiveCfg = Debug|Any CPU
		{628366C0-D674-4680-A466-FCF0682CA0C2}.Debug|Any CPU.Build.0 = Debug|Any CPU
		{628366C0-D674-4680-A466-FCF0682CA0C2}.Debug|x64.ActiveCfg = Debug|Any CPU
		{628366C0-D674-4680-A466-FCF0682CA0C2}.Debug|x64.Build.0 = Debug|Any CPU
		{628366C0-D674-4680-A466-FCF0682CA0C2}.Debug|x86.ActiveCfg = Debug|Any CPU
		{628366C0-D674-4680-A466-FCF0682CA0C2}.Debug|x86.Build.0 = Debug|Any CPU
		{628366C0-D674-4680-A466-FCF0682CA0C2}.Release|Any CPU.ActiveCfg = Release|Any CPU
		{628366C0-D674-4680-A466-FCF0682CA0C2}.Release|Any CPU.Build.0 = Release|Any CPU
		{628366C0-D674-4680-A466-FCF0682CA0C2}.Release|x64.ActiveCfg = Release|Any CPU
		{628366C0-D674-4680-A466-FCF0682CA0C2}.Release|x64.Build.0 = Release|Any CPU
		{628366C0-D674-4680-A466-FCF0682CA0C2}.Release|x86.ActiveCfg = Release|Any CPU
		{628366C0-D674-4680-A466-FCF0682CA0C2}.Release|x86.Build.0 = Release|Any CPU
	EndGlobalSection
	GlobalSection(SolutionProperties) = preSolution
		HideSolutionNode = FALSE
	EndGlobalSection
	GlobalSection(NestedProjects) = preSolution
		{A3820299-6FC6-444B-AB03-E276544598B4} = {827E0CD3-B72D-47B6-A68D-7590B98EB39B}
		{9D9091D0-050E-44B7-868A-22C104F1B549} = {827E0CD3-B72D-47B6-A68D-7590B98EB39B}
		{014FCE20-BE34-43CD-BD74-18773BCBC2B9} = {827E0CD3-B72D-47B6-A68D-7590B98EB39B}
		{9F45EABE-5366-4029-BA21-A3216289CD21} = {827E0CD3-B72D-47B6-A68D-7590B98EB39B}
		{5D0BD148-895D-40CB-9916-065BC9CD4EB6} = {827E0CD3-B72D-47B6-A68D-7590B98EB39B}
		{CC4FEEB2-ED3F-4802-8161-683986F5EC67} = {827E0CD3-B72D-47B6-A68D-7590B98EB39B}
		{628366C0-D674-4680-A466-FCF0682CA0C2} = {0AB3BF05-4346-4AA6-1389-037BE0695223}
	EndGlobalSection
EndGlobal
