
Microsoft Visual Studio Solution File, Format Version 12.00
# Visual Studio Version 17
VisualStudioVersion = 17.0.31903.59
MinimumVisualStudioVersion = 10.0.40219.1
Project("{2150E333-8FDC-42A3-9474-1A3956D46DE8}") = "src", "src", "{827E0CD3-B72D-47B6-A68D-7590B98EB39B}"
EndProject
Project("{FAE04EC0-301F-11D3-BF4B-00C04F79EFBC}") = "BankMore.Domain", "src\BankMore.Domain\BankMore.Domain.csproj", "{1FCF94DA-C4BA-49F3-916C-91979C2E4CA4}"
EndProject
Project("{FAE04EC0-301F-11D3-BF4B-00C04F79EFBC}") = "BankMore.Infrastructure", "src\BankMore.Infrastructure\BankMore.Infrastructure.csproj", "{5D2613C9-8125-4C85-9355-537863AEA68F}"
EndProject
Project("{2150E333-8FDC-42A3-9474-1A3956D46DE8}") = "tests", "tests", "{0AB3BF05-4346-4AA6-1389-037BE0695223}"
EndProject
Project("{FAE04EC0-301F-11D3-BF4B-00C04F79EFBC}") = "BankMore.API", "src\BankMore.API\BankMore.API.csproj", "{F48E6CC0-B0F6-4B95-935C-BE740EC230AD}"
EndProject
Project("{FAE04EC0-301F-11D3-BF4B-00C04F79EFBC}") = "BankMore.API.UnitTests", "tests\BankMore.API.UnitTests\BankMore.API.UnitTests.csproj", "{CABFEE87-7718-4EA5-A706-AA914430C0A1}"
EndProject
Global
	GlobalSection(SolutionConfigurationPlatforms) = preSolution
		Debug|Any CPU = Debug|Any CPU
		Debug|x64 = Debug|x64
		Debug|x86 = Debug|x86
		Release|Any CPU = Release|Any CPU
		Release|x64 = Release|x64
		Release|x86 = Release|x86
	EndGlobalSection
	GlobalSection(ProjectConfigurationPlatforms) = postSolution
		{1FCF94DA-C4BA-49F3-916C-91979C2E4CA4}.Debug|Any CPU.ActiveCfg = Debug|Any CPU
		{1FCF94DA-C4BA-49F3-916C-91979C2E4CA4}.Debug|Any CPU.Build.0 = Debug|Any CPU
		{1FCF94DA-C4BA-49F3-916C-91979C2E4CA4}.Debug|x64.ActiveCfg = Debug|Any CPU
		{1FCF94DA-C4BA-49F3-916C-91979C2E4CA4}.Debug|x64.Build.0 = Debug|Any CPU
		{1FCF94DA-C4BA-49F3-916C-91979C2E4CA4}.Debug|x86.ActiveCfg = Debug|Any CPU
		{1FCF94DA-C4BA-49F3-916C-91979C2E4CA4}.Debug|x86.Build.0 = Debug|Any CPU
		{1FCF94DA-C4BA-49F3-916C-91979C2E4CA4}.Release|Any CPU.ActiveCfg = Release|Any CPU
		{1FCF94DA-C4BA-49F3-916C-91979C2E4CA4}.Release|Any CPU.Build.0 = Release|Any CPU
		{1FCF94DA-C4BA-49F3-916C-91979C2E4CA4}.Release|x64.ActiveCfg = Release|Any CPU
		{1FCF94DA-C4BA-49F3-916C-91979C2E4CA4}.Release|x64.Build.0 = Release|Any CPU
		{1FCF94DA-C4BA-49F3-916C-91979C2E4CA4}.Release|x86.ActiveCfg = Release|Any CPU
		{1FCF94DA-C4BA-49F3-916C-91979C2E4CA4}.Release|x86.Build.0 = Release|Any CPU
		{5D2613C9-8125-4C85-9355-537863AEA68F}.Debug|Any CPU.ActiveCfg = Debug|Any CPU
		{5D2613C9-8125-4C85-9355-537863AEA68F}.Debug|Any CPU.Build.0 = Debug|Any CPU
		{5D2613C9-8125-4C85-9355-537863AEA68F}.Debug|x64.ActiveCfg = Debug|Any CPU
		{5D2613C9-8125-4C85-9355-537863AEA68F}.Debug|x64.Build.0 = Debug|Any CPU
		{5D2613C9-8125-4C85-9355-537863AEA68F}.Debug|x86.ActiveCfg = Debug|Any CPU
		{5D2613C9-8125-4C85-9355-537863AEA68F}.Debug|x86.Build.0 = Debug|Any CPU
		{5D2613C9-8125-4C85-9355-537863AEA68F}.Release|Any CPU.ActiveCfg = Release|Any CPU
		{5D2613C9-8125-4C85-9355-537863AEA68F}.Release|Any CPU.Build.0 = Release|Any CPU
		{5D2613C9-8125-4C85-9355-537863AEA68F}.Release|x64.ActiveCfg = Release|Any CPU
		{5D2613C9-8125-4C85-9355-537863AEA68F}.Release|x64.Build.0 = Release|Any CPU
		{5D2613C9-8125-4C85-9355-537863AEA68F}.Release|x86.ActiveCfg = Release|Any CPU
		{5D2613C9-8125-4C85-9355-537863AEA68F}.Release|x86.Build.0 = Release|Any CPU
		{F48E6CC0-B0F6-4B95-935C-BE740EC230AD}.Debug|Any CPU.ActiveCfg = Debug|Any CPU
		{F48E6CC0-B0F6-4B95-935C-BE740EC230AD}.Debug|Any CPU.Build.0 = Debug|Any CPU
		{F48E6CC0-B0F6-4B95-935C-BE740EC230AD}.Debug|x64.ActiveCfg = Debug|Any CPU
		{F48E6CC0-B0F6-4B95-935C-BE740EC230AD}.Debug|x64.Build.0 = Debug|Any CPU
		{F48E6CC0-B0F6-4B95-935C-BE740EC230AD}.Debug|x86.ActiveCfg = Debug|Any CPU
		{F48E6CC0-B0F6-4B95-935C-BE740EC230AD}.Debug|x86.Build.0 = Debug|Any CPU
		{F48E6CC0-B0F6-4B95-935C-BE740EC230AD}.Release|Any CPU.ActiveCfg = Release|Any CPU
		{F48E6CC0-B0F6-4B95-935C-BE740EC230AD}.Release|Any CPU.Build.0 = Release|Any CPU
		{F48E6CC0-B0F6-4B95-935C-BE740EC230AD}.Release|x64.ActiveCfg = Release|Any CPU
		{F48E6CC0-B0F6-4B95-935C-BE740EC230AD}.Release|x64.Build.0 = Release|Any CPU
		{F48E6CC0-B0F6-4B95-935C-BE740EC230AD}.Release|x86.ActiveCfg = Release|Any CPU
		{F48E6CC0-B0F6-4B95-935C-BE740EC230AD}.Release|x86.Build.0 = Release|Any CPU
		{CABFEE87-7718-4EA5-A706-AA914430C0A1}.Debug|Any CPU.ActiveCfg = Debug|Any CPU
		{CABFEE87-7718-4EA5-A706-AA914430C0A1}.Debug|Any CPU.Build.0 = Debug|Any CPU
		{CABFEE87-7718-4EA5-A706-AA914430C0A1}.Debug|x64.ActiveCfg = Debug|Any CPU
		{CABFEE87-7718-4EA5-A706-AA914430C0A1}.Debug|x64.Build.0 = Debug|Any CPU
		{CABFEE87-7718-4EA5-A706-AA914430C0A1}.Debug|x86.ActiveCfg = Debug|Any CPU
		{CABFEE87-7718-4EA5-A706-AA914430C0A1}.Debug|x86.Build.0 = Debug|Any CPU
		{CABFEE87-7718-4EA5-A706-AA914430C0A1}.Release|Any CPU.ActiveCfg = Release|Any CPU
		{CABFEE87-7718-4EA5-A706-AA914430C0A1}.Release|Any CPU.Build.0 = Release|Any CPU
		{CABFEE87-7718-4EA5-A706-AA914430C0A1}.Release|x64.ActiveCfg = Release|Any CPU
		{CABFEE87-7718-4EA5-A706-AA914430C0A1}.Release|x64.Build.0 = Release|Any CPU
		{CABFEE87-7718-4EA5-A706-AA914430C0A1}.Release|x86.ActiveCfg = Release|Any CPU
		{CABFEE87-7718-4EA5-A706-AA914430C0A1}.Release|x86.Build.0 = Release|Any CPU
	EndGlobalSection
	GlobalSection(SolutionProperties) = preSolution
		HideSolutionNode = FALSE
	EndGlobalSection
	GlobalSection(NestedProjects) = preSolution
		{1FCF94DA-C4BA-49F3-916C-91979C2E4CA4} = {827E0CD3-B72D-47B6-A68D-7590B98EB39B}
		{5D2613C9-8125-4C85-9355-537863AEA68F} = {827E0CD3-B72D-47B6-A68D-7590B98EB39B}
		{F48E6CC0-B0F6-4B95-935C-BE740EC230AD} = {827E0CD3-B72D-47B6-A68D-7590B98EB39B}
		{CABFEE87-7718-4EA5-A706-AA914430C0A1} = {0AB3BF05-4346-4AA6-1389-037BE0695223}
	EndGlobalSection
	GlobalSection(ExtensibilityGlobals) = postSolution
		SolutionGuid = {49B5D3ED-BD0D-4A4F-8699-3D35863C47AC}
	EndGlobalSection
EndGlobal
